
Microsoft Visual Studio Solution File, Format Version 12.00
# Visual Studio Version 17
VisualStudioVersion = 17.0.31903.59
MinimumVisualStudioVersion = 10.0.40219.1
Project("{FAE04EC0-301F-11D3-BF4B-00C04F79EFBC}") = "FastRestaurant.Domain", "FastRestaurant.Domain\FastRestaurant.Domain.csproj", "{EE53534F-66EE-4EF6-8A73-2B96905501DD}"
EndProject
Project("{FAE04EC0-301F-11D3-BF4B-00C04F79EFBC}") = "FastRestaurant.Application", "FastRestaurant.Application\FastRestaurant.Application.csproj", "{B18FBFDB-6CB7-4561-A07F-CC2802847E29}"
EndProject
Project("{FAE04EC0-301F-11D3-BF4B-00C04F79EFBC}") = "FastRestaurant.Infrastructure", "FastRestaurant.Infrastructure\FastRestaurant.Infrastructure.csproj", "{69AD87AC-CDAD-4C8E-BC45-08F719060286}"
EndProject
Project("{FAE04EC0-301F-11D3-BF4B-00C04F79EFBC}") = "FastRestaurant.API", "FastRestaurant.API\FastRestaurant.API.csproj", "{2C791F2E-BD9D-4AC0-A116-0CE57D2ECA2E}"
EndProject
Global
	GlobalSection(SolutionConfigurationPlatforms) = preSolution
		Debug|Any CPU = Debug|Any CPU
		Release|Any CPU = Release|Any CPU
	EndGlobalSection
	GlobalSection(SolutionProperties) = preSolution
		HideSolutionNode = FALSE
	EndGlobalSection
	GlobalSection(ProjectConfigurationPlatforms) = postSolution
		{EE53534F-66EE-4EF6-8A73-2B96905501DD}.Debug|Any CPU.ActiveCfg = Debug|Any CPU
		{EE53534F-66EE-4EF6-8A73-2B96905501DD}.Debug|Any CPU.Build.0 = Debug|Any CPU
		{EE53534F-66EE-4EF6-8A73-2B96905501DD}.Release|Any CPU.ActiveCfg = Release|Any CPU
		{EE53534F-66EE-4EF6-8A73-2B96905501DD}.Release|Any CPU.Build.0 = Release|Any CPU
		{B18FBFDB-6CB7-4561-A07F-CC2802847E29}.Debug|Any CPU.ActiveCfg = Debug|Any CPU
		{B18FBFDB-6CB7-4561-A07F-CC2802847E29}.Debug|Any CPU.Build.0 = Debug|Any CPU
		{B18FBFDB-6CB7-4561-A07F-CC2802847E29}.Release|Any CPU.ActiveCfg = Release|Any CPU
		{B18FBFDB-6CB7-4561-A07F-CC2802847E29}.Release|Any CPU.Build.0 = Release|Any CPU
		{69AD87AC-CDAD-4C8E-BC45-08F719060286}.Debug|Any CPU.ActiveCfg = Debug|Any CPU
		{69AD87AC-CDAD-4C8E-BC45-08F719060286}.Debug|Any CPU.Build.0 = Debug|Any CPU
		{69AD87AC-CDAD-4C8E-BC45-08F719060286}.Release|Any CPU.ActiveCfg = Release|Any CPU
		{69AD87AC-CDAD-4C8E-BC45-08F719060286}.Release|Any CPU.Build.0 = Release|Any CPU
		{2C791F2E-BD9D-4AC0-A116-0CE57D2ECA2E}.Debug|Any CPU.ActiveCfg = Debug|Any CPU
		{2C791F2E-BD9D-4AC0-A116-0CE57D2ECA2E}.Debug|Any CPU.Build.0 = Debug|Any CPU
		{2C791F2E-BD9D-4AC0-A116-0CE57D2ECA2E}.Release|Any CPU.ActiveCfg = Release|Any CPU
		{2C791F2E-BD9D-4AC0-A116-0CE57D2ECA2E}.Release|Any CPU.Build.0 = Release|Any CPU
	EndGlobalSection
EndGlobal
